// !$*UTF8*$!
{
	archiveVersion = 1;
	classes = {
	};
	objectVersion = 56;
	objects = {

/* Begin PBXBuildFile section */
		5AA4BA312A5AACF700F51D80 /* AppDelegate.swift in Sources */ = {isa = PBXBuildFile; fileRef = 5AA4BA302A5AACF700F51D80 /* AppDelegate.swift */; };
		5AA4BA332A5AACF700F51D80 /* SceneDelegate.swift in Sources */ = {isa = PBXBuildFile; fileRef = 5AA4BA322A5AACF700F51D80 /* SceneDelegate.swift */; };
		5AA4BA352A5AACF700F51D80 /* ViewController.swift in Sources */ = {isa = PBXBuildFile; fileRef = 5AA4BA342A5AACF700F51D80 /* ViewController.swift */; };
		5AA4BA382A5AACF700F51D80 /* Main.storyboard in Resources */ = {isa = PBXBuildFile; fileRef = 5AA4BA362A5AACF700F51D80 /* Main.storyboard */; };
		5AA4BA3A2A5AACF900F51D80 /* Assets.xcassets in Resources */ = {isa = PBXBuildFile; fileRef = 5AA4BA392A5AACF900F51D80 /* Assets.xcassets */; };
		5AA4BA3D2A5AACF900F51D80 /* LaunchScreen.storyboard in Resources */ = {isa = PBXBuildFile; fileRef = 5AA4BA3B2A5AACF900F51D80 /* LaunchScreen.storyboard */; };
		CE741E9F44DDD7EE69C9C8C9 /* Pods_Consumser.framework in Frameworks */ = {isa = PBXBuildFile; fileRef = 3A7984A1CAABD0EF770BE9D3 /* Pods_Consumser.framework */; };
/* End PBXBuildFile section */

/* Begin PBXCopyFilesBuildPhase section */
		5AB94A422A5AAE1E00920D4D /* Embed Frameworks */ = {
			isa = PBXCopyFilesBuildPhase;
			buildActionMask = 2147483647;
			dstPath = "";
			dstSubfolderSpec = 10;
			files = (
			);
			name = "Embed Frameworks";
			runOnlyForDeploymentPostprocessing = 0;
		};
/* End PBXCopyFilesBuildPhase section */

/* Begin PBXFileReference section */
		3A7984A1CAABD0EF770BE9D3 /* Pods_Consumser.framework */ = {isa = PBXFileReference; explicitFileType = wrapper.framework; includeInIndex = 0; path = Pods_Consumser.framework; sourceTree = BUILT_PRODUCTS_DIR; };
		5AA4BA2D2A5AACF700F51D80 /* Consumser.app */ = {isa = PBXFileReference; explicitFileType = wrapper.application; includeInIndex = 0; path = Consumser.app; sourceTree = BUILT_PRODUCTS_DIR; };
		5AA4BA302A5AACF700F51D80 /* AppDelegate.swift */ = {isa = PBXFileReference; lastKnownFileType = sourcecode.swift; path = AppDelegate.swift; sourceTree = "<group>"; };
		5AA4BA322A5AACF700F51D80 /* SceneDelegate.swift */ = {isa = PBXFileReference; lastKnownFileType = sourcecode.swift; path = SceneDelegate.swift; sourceTree = "<group>"; };
		5AA4BA342A5AACF700F51D80 /* ViewController.swift */ = {isa = PBXFileReference; lastKnownFileType = sourcecode.swift; path = ViewController.swift; sourceTree = "<group>"; };
		5AA4BA372A5AACF700F51D80 /* Base */ = {isa = PBXFileReference; lastKnownFileType = file.storyboard; name = Base; path = Base.lproj/Main.storyboard; sourceTree = "<group>"; };
		5AA4BA392A5AACF900F51D80 /* Assets.xcassets */ = {isa = PBXFileReference; lastKnownFileType = folder.assetcatalog; path = Assets.xcassets; sourceTree = "<group>"; };
		5AA4BA3C2A5AACF900F51D80 /* Base */ = {isa = PBXFileReference; lastKnownFileType = file.storyboard; name = Base; path = Base.lproj/LaunchScreen.storyboard; sourceTree = "<group>"; };
		5AA4BA3E2A5AACF900F51D80 /* Info.plist */ = {isa = PBXFileReference; lastKnownFileType = text.plist.xml; path = Info.plist; sourceTree = "<group>"; };
		8C291A444CD0C79E8583FC41 /* Pods-Consumser.debug.xcconfig */ = {isa = PBXFileReference; includeInIndex = 1; lastKnownFileType = text.xcconfig; name = "Pods-Consumser.debug.xcconfig"; path = "Target Support Files/Pods-Consumser/Pods-Consumser.debug.xcconfig"; sourceTree = "<group>"; };
		C5FD95184F71399754D6B56E /* Pods-Consumser.release.xcconfig */ = {isa = PBXFileReference; includeInIndex = 1; lastKnownFileType = text.xcconfig; name = "Pods-Consumser.release.xcconfig"; path = "Target Support Files/Pods-Consumser/Pods-Consumser.release.xcconfig"; sourceTree = "<group>"; };
/* End PBXFileReference section */

/* Begin PBXFrameworksBuildPhase section */
		5AA4BA2A2A5AACF700F51D80 /* Frameworks */ = {
			isa = PBXFrameworksBuildPhase;
			buildActionMask = 2147483647;
			files = (
				CE741E9F44DDD7EE69C9C8C9 /* Pods_Consumser.framework in Frameworks */,
			);
			runOnlyForDeploymentPostprocessing = 0;
		};
/* End PBXFrameworksBuildPhase section */

/* Begin PBXGroup section */
		5AA4BA242A5AACF700F51D80 = {
			isa = PBXGroup;
			children = (
				5AA4BA2F2A5AACF700F51D80 /* Consumser */,
				5AA4BA2E2A5AACF700F51D80 /* Products */,
				5AB94A3E2A5AAE1E00920D4D /* Frameworks */,
				EA041A3FEA0A95823A48CC75 /* Pods */,
			);
			sourceTree = "<group>";
		};
		5AA4BA2E2A5AACF700F51D80 /* Products */ = {
			isa = PBXGroup;
			children = (
				5AA4BA2D2A5AACF700F51D80 /* Consumser.app */,
			);
			name = Products;
			sourceTree = "<group>";
		};
		5AA4BA2F2A5AACF700F51D80 /* Consumser */ = {
			isa = PBXGroup;
			children = (
				5AA4BA302A5AACF700F51D80 /* AppDelegate.swift */,
				5AA4BA322A5AACF700F51D80 /* SceneDelegate.swift */,
				5AA4BA342A5AACF700F51D80 /* ViewController.swift */,
				5AA4BA362A5AACF700F51D80 /* Main.storyboard */,
				5AA4BA392A5AACF900F51D80 /* Assets.xcassets */,
				5AA4BA3B2A5AACF900F51D80 /* LaunchScreen.storyboard */,
				5AA4BA3E2A5AACF900F51D80 /* Info.plist */,
			);
			path = Consumser;
			sourceTree = "<group>";
		};
		5AB94A3E2A5AAE1E00920D4D /* Frameworks */ = {
			isa = PBXGroup;
			children = (
				3A7984A1CAABD0EF770BE9D3 /* Pods_Consumser.framework */,
			);
			name = Frameworks;
			sourceTree = "<group>";
		};
		EA041A3FEA0A95823A48CC75 /* Pods */ = {
			isa = PBXGroup;
			children = (
				8C291A444CD0C79E8583FC41 /* Pods-Consumser.debug.xcconfig */,
				C5FD95184F71399754D6B56E /* Pods-Consumser.release.xcconfig */,
			);
			name = Pods;
			path = Pods;
			sourceTree = "<group>";
		};
/* End PBXGroup section */

/* Begin PBXNativeTarget section */
		5AA4BA2C2A5AACF700F51D80 /* Consumser */ = {
			isa = PBXNativeTarget;
			buildConfigurationList = 5AA4BA412A5AACF900F51D80 /* Build configuration list for PBXNativeTarget "Consumser" */;
			buildPhases = (
				91E5AA5F5C6CD9BF8B43E1D0 /* [CP] Check Pods Manifest.lock */,
				5AA4BA292A5AACF700F51D80 /* Sources */,
				5AA4BA2A2A5AACF700F51D80 /* Frameworks */,
				5AA4BA2B2A5AACF700F51D80 /* Resources */,
				5AB94A422A5AAE1E00920D4D /* Embed Frameworks */,
				9E8543E1A95EE9B9D2F899FE /* [CP] Embed Pods Frameworks */,
			);
			buildRules = (
			);
			dependencies = (
			);
			name = Consumser;
			productName = Consumser;
			productReference = 5AA4BA2D2A5AACF700F51D80 /* Consumser.app */;
			productType = "com.apple.product-type.application";
		};
/* End PBXNativeTarget section */

/* Begin PBXProject section */
		5AA4BA252A5AACF700F51D80 /* Project object */ = {
			isa = PBXProject;
			attributes = {
				BuildIndependentTargetsInParallel = 1;
				LastSwiftUpdateCheck = 1430;
				LastUpgradeCheck = 1430;
				TargetAttributes = {
					5AA4BA2C2A5AACF700F51D80 = {
						CreatedOnToolsVersion = 14.3.1;
					};
				};
			};
			buildConfigurationList = 5AA4BA282A5AACF700F51D80 /* Build configuration list for PBXProject "Consumser" */;
			compatibilityVersion = "Xcode 14.0";
			developmentRegion = en;
			hasScannedForEncodings = 0;
			knownRegions = (
				en,
				Base,
			);
			mainGroup = 5AA4BA242A5AACF700F51D80;
			productRefGroup = 5AA4BA2E2A5AACF700F51D80 /* Products */;
			projectDirPath = "";
			projectRoot = "";
			targets = (
				5AA4BA2C2A5AACF700F51D80 /* Consumser */,
			);
		};
/* End PBXProject section */

/* Begin PBXResourcesBuildPhase section */
		5AA4BA2B2A5AACF700F51D80 /* Resources */ = {
			isa = PBXResourcesBuildPhase;
			buildActionMask = 2147483647;
			files = (
				5AA4BA3D2A5AACF900F51D80 /* LaunchScreen.storyboard in Resources */,
				5AA4BA3A2A5AACF900F51D80 /* Assets.xcassets in Resources */,
				5AA4BA382A5AACF700F51D80 /* Main.storyboard in Resources */,
			);
			runOnlyForDeploymentPostprocessing = 0;
		};
/* End PBXResourcesBuildPhase section */

/* Begin PBXShellScriptBuildPhase section */
		91E5AA5F5C6CD9BF8B43E1D0 /* [CP] Check Pods Manifest.lock */ = {
			isa = PBXShellScriptBuildPhase;
			buildActionMask = 2147483647;
			files = (
			);
			inputFileListPaths = (
			);
			inputPaths = (
				"${PODS_PODFILE_DIR_PATH}/Podfile.lock",
				"${PODS_ROOT}/Manifest.lock",
			);
			name = "[CP] Check Pods Manifest.lock";
			outputFileListPaths = (
			);
			outputPaths = (
				"$(DERIVED_FILE_DIR)/Pods-Consumser-checkManifestLockResult.txt",
			);
			runOnlyForDeploymentPostprocessing = 0;
			shellPath = /bin/sh;
			shellScript = "diff \"${PODS_PODFILE_DIR_PATH}/Podfile.lock\" \"${PODS_ROOT}/Manifest.lock\" > /dev/null\nif [ $? != 0 ] ; then\n    # print error to STDERR\n    echo \"error: The sandbox is not in sync with the Podfile.lock. Run 'pod install' or update your CocoaPods installation.\" >&2\n    exit 1\nfi\n# This output is used by Xcode 'outputs' to avoid re-running this script phase.\necho \"SUCCESS\" > \"${SCRIPT_OUTPUT_FILE_0}\"\n";
			showEnvVarsInLog = 0;
		};
		9E8543E1A95EE9B9D2F899FE /* [CP] Embed Pods Frameworks */ = {
			isa = PBXShellScriptBuildPhase;
			buildActionMask = 2147483647;
			files = (
			);
			inputFileListPaths = (
				"${PODS_ROOT}/Target Support Files/Pods-Consumser/Pods-Consumser-frameworks-${CONFIGURATION}-input-files.xcfilelist",
			);
			name = "[CP] Embed Pods Frameworks";
			outputFileListPaths = (
				"${PODS_ROOT}/Target Support Files/Pods-Consumser/Pods-Consumser-frameworks-${CONFIGURATION}-output-files.xcfilelist",
			);
			runOnlyForDeploymentPostprocessing = 0;
			shellPath = /bin/sh;
			shellScript = "\"${PODS_ROOT}/Target Support Files/Pods-Consumser/Pods-Consumser-frameworks.sh\"\n";
			showEnvVarsInLog = 0;
		};
/* End PBXShellScriptBuildPhase section */

/* Begin PBXSourcesBuildPhase section */
		5AA4BA292A5AACF700F51D80 /* Sources */ = {
			isa = PBXSourcesBuildPhase;
			buildActionMask = 2147483647;
			files = (
				5AA4BA352A5AACF700F51D80 /* ViewController.swift in Sources */,
				5AA4BA312A5AACF700F51D80 /* AppDelegate.swift in Sources */,
				5AA4BA332A5AACF700F51D80 /* SceneDelegate.swift in Sources */,
			);
			runOnlyForDeploymentPostprocessing = 0;
		};
/* End PBXSourcesBuildPhase section */

/* Begin PBXVariantGroup section */
		5AA4BA362A5AACF700F51D80 /* Main.storyboard */ = {
			isa = PBXVariantGroup;
			children = (
				5AA4BA372A5AACF700F51D80 /* Base */,
			);
			name = Main.storyboard;
			sourceTree = "<group>";
		};
		5AA4BA3B2A5AACF900F51D80 /* LaunchScreen.storyboard */ = {
			isa = PBXVariantGroup;
			children = (
				5AA4BA3C2A5AACF900F51D80 /* Base */,
			);
			name = LaunchScreen.storyboard;
			sourceTree = "<group>";
		};
/* End PBXVariantGroup section */

/* Begin XCBuildConfiguration section */
		5AA4BA3F2A5AACF900F51D80 /* Debug */ = {
			isa = XCBuildConfiguration;
			buildSettings = {
				ALWAYS_SEARCH_USER_PATHS = NO;
				CLANG_ANALYZER_NONNULL = YES;
				CLANG_ANALYZER_NUMBER_OBJECT_CONVERSION = YES_AGGRESSIVE;
				CLANG_CXX_LANGUAGE_STANDARD = "gnu++20";
				CLANG_ENABLE_MODULES = YES;
				CLANG_ENABLE_OBJC_ARC = YES;
				CLANG_ENABLE_OBJC_WEAK = YES;
				CLANG_WARN_BLOCK_CAPTURE_AUTORELEASING = YES;
				CLANG_WARN_BOOL_CONVERSION = YES;
				CLANG_WARN_COMMA = YES;
				CLANG_WARN_CONSTANT_CONVERSION = YES;
				CLANG_WARN_DEPRECATED_OBJC_IMPLEMENTATIONS = YES;
				CLANG_WARN_DIRECT_OBJC_ISA_USAGE = YES_ERROR;
				CLANG_WARN_DOCUMENTATION_COMMENTS = YES;
				CLANG_WARN_EMPTY_BODY = YES;
				CLANG_WARN_ENUM_CONVERSION = YES;
				CLANG_WARN_INFINITE_RECURSION = YES;
				CLANG_WARN_INT_CONVERSION = YES;
				CLANG_WARN_NON_LITERAL_NULL_CONVERSION = YES;
				CLANG_WARN_OBJC_IMPLICIT_RETAIN_SELF = YES;
				CLANG_WARN_OBJC_LITERAL_CONVERSION = YES;
				CLANG_WARN_OBJC_ROOT_CLASS = YES_ERROR;
				CLANG_WARN_QUOTED_INCLUDE_IN_FRAMEWORK_HEADER = YES;
				CLANG_WARN_RANGE_LOOP_ANALYSIS = YES;
				CLANG_WARN_STRICT_PROTOTYPES = YES;
				CLANG_WARN_SUSPICIOUS_MOVE = YES;
				CLANG_WARN_UNGUARDED_AVAILABILITY = YES_AGGRESSIVE;
				CLANG_WARN_UNREACHABLE_CODE = YES;
				CLANG_WARN__DUPLICATE_METHOD_MATCH = YES;
				COPY_PHASE_STRIP = NO;
				DEBUG_INFORMATION_FORMAT = dwarf;
				ENABLE_STRICT_OBJC_MSGSEND = YES;
				ENABLE_TESTABILITY = YES;
				GCC_C_LANGUAGE_STANDARD = gnu11;
				GCC_DYNAMIC_NO_PIC = NO;
				GCC_NO_COMMON_BLOCKS = YES;
				GCC_OPTIMIZATION_LEVEL = 0;
				GCC_PREPROCESSOR_DEFINITIONS = (
					"DEBUG=1",
					"$(inherited)",
				);
				GCC_WARN_64_TO_32_BIT_CONVERSION = YES;
				GCC_WARN_ABOUT_RETURN_TYPE = YES_ERROR;
				GCC_WARN_UNDECLARED_SELECTOR = YES;
				GCC_WARN_UNINITIALIZED_AUTOS = YES_AGGRESSIVE;
				GCC_WARN_UNUSED_FUNCTION = YES;
				GCC_WARN_UNUSED_VARIABLE = YES;
				IPHONEOS_DEPLOYMENT_TARGET = 16.4;
				MTL_ENABLE_DEBUG_INFO = INCLUDE_SOURCE;
				MTL_FAST_MATH = YES;
				ONLY_ACTIVE_ARCH = YES;
				SDKROOT = iphoneos;
				SWIFT_ACTIVE_COMPILATION_CONDITIONS = DEBUG;
				SWIFT_OPTIMIZATION_LEVEL = "-Onone";
			};
			name = Debug;
		};
		5AA4BA402A5AACF900F51D80 /* Release */ = {
			isa = XCBuildConfiguration;
			buildSettings = {
				ALWAYS_SEARCH_USER_PATHS = NO;
				CLANG_ANALYZER_NONNULL = YES;
				CLANG_ANALYZER_NUMBER_OBJECT_CONVERSION = YES_AGGRESSIVE;
				CLANG_CXX_LANGUAGE_STANDARD = "gnu++20";
				CLANG_ENABLE_MODULES = YES;
				CLANG_ENABLE_OBJC_ARC = YES;
				CLANG_ENABLE_OBJC_WEAK = YES;
				CLANG_WARN_BLOCK_CAPTURE_AUTORELEASING = YES;
				CLANG_WARN_BOOL_CONVERSION = YES;
				CLANG_WARN_COMMA = YES;
				CLANG_WARN_CONSTANT_CONVERSION = YES;
				CLANG_WARN_DEPRECATED_OBJC_IMPLEMENTATIONS = YES;
				CLANG_WARN_DIRECT_OBJC_ISA_USAGE = YES_ERROR;
				CLANG_WARN_DOCUMENTATION_COMMENTS = YES;
				CLANG_WARN_EMPTY_BODY = YES;
				CLANG_WARN_ENUM_CONVERSION = YES;
				CLANG_WARN_INFINITE_RECURSION = YES;
				CLANG_WARN_INT_CONVERSION = YES;
				CLANG_WARN_NON_LITERAL_NULL_CONVERSION = YES;
				CLANG_WARN_OBJC_IMPLICIT_RETAIN_SELF = YES;
				CLANG_WARN_OBJC_LITERAL_CONVERSION = YES;
				CLANG_WARN_OBJC_ROOT_CLASS = YES_ERROR;
				CLANG_WARN_QUOTED_INCLUDE_IN_FRAMEWORK_HEADER = YES;
				CLANG_WARN_RANGE_LOOP_ANALYSIS = YES;
				CLANG_WARN_STRICT_PROTOTYPES = YES;
				CLANG_WARN_SUSPICIOUS_MOVE = YES;
				CLANG_WARN_UNGUARDED_AVAILABILITY = YES_AGGRESSIVE;
				CLANG_WARN_UNREACHABLE_CODE = YES;
				CLANG_WARN__DUPLICATE_METHOD_MATCH = YES;
				COPY_PHASE_STRIP = NO;
				DEBUG_INFORMATION_FORMAT = "dwarf-with-dsym";
				ENABLE_NS_ASSERTIONS = NO;
				ENABLE_STRICT_OBJC_MSGSEND = YES;
				GCC_C_LANGUAGE_STANDARD = gnu11;
				GCC_NO_COMMON_BLOCKS = YES;
				GCC_WARN_64_TO_32_BIT_CONVERSION = YES;
				GCC_WARN_ABOUT_RETURN_TYPE = YES_ERROR;
				GCC_WARN_UNDECLARED_SELECTOR = YES;
				GCC_WARN_UNINITIALIZED_AUTOS = YES_AGGRESSIVE;
				GCC_WARN_UNUSED_FUNCTION = YES;
				GCC_WARN_UNUSED_VARIABLE = YES;
				IPHONEOS_DEPLOYMENT_TARGET = 16.4;
				MTL_ENABLE_DEBUG_INFO = NO;
				MTL_FAST_MATH = YES;
				SDKROOT = iphoneos;
				SWIFT_COMPILATION_MODE = wholemodule;
				SWIFT_OPTIMIZATION_LEVEL = "-O";
				VALIDATE_PRODUCT = YES;
			};
			name = Release;
		};
		5AA4BA422A5AACF900F51D80 /* Debug */ = {
			isa = XCBuildConfiguration;
			baseConfigurationReference = 8C291A444CD0C79E8583FC41 /* Pods-Consumser.debug.xcconfig */;
			buildSettings = {
				ASSETCATALOG_COMPILER_APPICON_NAME = AppIcon;
				ASSETCATALOG_COMPILER_GLOBAL_ACCENT_COLOR_NAME = AccentColor;
				CODE_SIGN_STYLE = Automatic;
				CURRENT_PROJECT_VERSION = 1;
				DEVELOPMENT_TEAM = NM9YBSUGNH;
				GENERATE_INFOPLIST_FILE = YES;
				INFOPLIST_FILE = Consumser/Info.plist;
				INFOPLIST_KEY_UIApplicationSupportsIndirectInputEvents = YES;
				INFOPLIST_KEY_UILaunchStoryboardName = LaunchScreen;
				INFOPLIST_KEY_UIMainStoryboardFile = Main;
				INFOPLIST_KEY_UISupportedInterfaceOrientations_iPad = "UIInterfaceOrientationPortrait UIInterfaceOrientationPortraitUpsideDown UIInterfaceOrientationLandscapeLeft UIInterfaceOrientationLandscapeRight";
				INFOPLIST_KEY_UISupportedInterfaceOrientations_iPhone = "UIInterfaceOrientationPortrait UIInterfaceOrientationLandscapeLeft UIInterfaceOrientationLandscapeRight";
				LD_RUNPATH_SEARCH_PATHS = (
					"$(inherited)",
					"@executable_path/Frameworks",
				);
				MARKETING_VERSION = 1.0;
				PRODUCT_BUNDLE_IDENTIFIER = vinhht.Consumser;
				PRODUCT_NAME = "$(TARGET_NAME)";
				SWIFT_EMIT_LOC_STRINGS = YES;
				SWIFT_VERSION = 5.0;
				TARGETED_DEVICE_FAMILY = "1,2";
			};
			name = Debug;
		};
		5AA4BA432A5AACF900F51D80 /* Release */ = {
			isa = XCBuildConfiguration;
			baseConfigurationReference = C5FD95184F71399754D6B56E /* Pods-Consumser.release.xcconfig */;
			buildSettings = {
				ASSETCATALOG_COMPILER_APPICON_NAME = AppIcon;
				ASSETCATALOG_COMPILER_GLOBAL_ACCENT_COLOR_NAME = AccentColor;
				CODE_SIGN_STYLE = Automatic;
				CURRENT_PROJECT_VERSION = 1;
				DEVELOPMENT_TEAM = NM9YBSUGNH;
				GENERATE_INFOPLIST_FILE = YES;
				INFOPLIST_FILE = Consumser/Info.plist;
				INFOPLIST_KEY_UIApplicationSupportsIndirectInputEvents = YES;
				INFOPLIST_KEY_UILaunchStoryboardName = LaunchScreen;
				INFOPLIST_KEY_UIMainStoryboardFile = Main;
				INFOPLIST_KEY_UISupportedInterfaceOrientations_iPad = "UIInterfaceOrientationPortrait UIInterfaceOrientationPortraitUpsideDown UIInterfaceOrientationLandscapeLeft UIInterfaceOrientationLandscapeRight";
				INFOPLIST_KEY_UISupportedInterfaceOrientations_iPhone = "UIInterfaceOrientationPortrait UIInterfaceOrientationLandscapeLeft UIInterfaceOrientationLandscapeRight";
				LD_RUNPATH_SEARCH_PATHS = (
					"$(inherited)",
					"@executable_path/Frameworks",
				);
				MARKETING_VERSION = 1.0;
				PRODUCT_BUNDLE_IDENTIFIER = vinhht.Consumser;
				PRODUCT_NAME = "$(TARGET_NAME)";
				SWIFT_EMIT_LOC_STRINGS = YES;
				SWIFT_VERSION = 5.0;
				TARGETED_DEVICE_FAMILY = "1,2";
			};
			name = Release;
		};
/* End XCBuildConfiguration section */

/* Begin XCConfigurationList section */
		5AA4BA282A5AACF700F51D80 /* Build configuration list for PBXProject "Consumser" */ = {
			isa = XCConfigurationList;
			buildConfigurations = (
				5AA4BA3F2A5AACF900F51D80 /* Debug */,
				5AA4BA402A5AACF900F51D80 /* Release */,
			);
			defaultConfigurationIsVisible = 0;
			defaultConfigurationName = Release;
		};
		5AA4BA412A5AACF900F51D80 /* Build configuration list for PBXNativeTarget "Consumser" */ = {
			isa = XCConfigurationList;
			buildConfigurations = (
				5AA4BA422A5AACF900F51D80 /* Debug */,
				5AA4BA432A5AACF900F51D80 /* Release */,
			);
			defaultConfigurationIsVisible = 0;
			defaultConfigurationName = Release;
		};
/* End XCConfigurationList section */
	};
	rootObject = 5AA4BA252A5AACF700F51D80 /* Project object */;
}
